
Microsoft Visual Studio Solution File, Format Version 12.00
# Visual Studio Version 17
VisualStudioVersion = 17.14.36202.13 d17.14
MinimumVisualStudioVersion = 10.0.40219.1
Project("{FAE04EC0-301F-11D3-BF4B-00C04F79EFBC}") = "AtividadedePO05", "AtividadedePO05.csproj", "{BF53429A-BB16-458E-8CE0-05CB8746C7EA}"
EndProject
Project("{FAE04EC0-301F-11D3-BF4B-00C04F79EFBC}") = "AtividadedePO06", "..\AtividadedePO06\AtividadedePO06.csproj", "{C4975D31-C48D-4441-AED9-CCBC4AE898B7}"
EndProject
Project("{FAE04EC0-301F-11D3-BF4B-00C04F79EFBC}") = "AtividadedePO07", "..\AtividadedePO07\AtividadedePO07.csproj", "{427341A8-1EE2-4623-82E2-5CE7513AC72B}"
EndProject
Project("{FAE04EC0-301F-11D3-BF4B-00C04F79EFBC}") = "AtividadedePO08", "..\AtividadedePO08\AtividadedePO08.csproj", "{B9700567-2E19-4BCF-AD21-530186C2106D}"
EndProject
Global
	GlobalSection(SolutionConfigurationPlatforms) = preSolution
		Debug|Any CPU = Debug|Any CPU
		Release|Any CPU = Release|Any CPU
	EndGlobalSection
	GlobalSection(ProjectConfigurationPlatforms) = postSolution
		{BF53429A-BB16-458E-8CE0-05CB8746C7EA}.Debug|Any CPU.ActiveCfg = Debug|Any CPU
		{BF53429A-BB16-458E-8CE0-05CB8746C7EA}.Debug|Any CPU.Build.0 = Debug|Any CPU
		{BF53429A-BB16-458E-8CE0-05CB8746C7EA}.Release|Any CPU.ActiveCfg = Release|Any CPU
		{BF53429A-BB16-458E-8CE0-05CB8746C7EA}.Release|Any CPU.Build.0 = Release|Any CPU
		{C4975D31-C48D-4441-AED9-CCBC4AE898B7}.Debug|Any CPU.ActiveCfg = Debug|Any CPU
		{C4975D31-C48D-4441-AED9-CCBC4AE898B7}.Debug|Any CPU.Build.0 = Debug|Any CPU
		{C4975D31-C48D-4441-AED9-CCBC4AE898B7}.Release|Any CPU.ActiveCfg = Release|Any CPU
		{C4975D31-C48D-4441-AED9-CCBC4AE898B7}.Release|Any CPU.Build.0 = Release|Any CPU
		{427341A8-1EE2-4623-82E2-5CE7513AC72B}.Debug|Any CPU.ActiveCfg = Debug|Any CPU
		{427341A8-1EE2-4623-82E2-5CE7513AC72B}.Debug|Any CPU.Build.0 = Debug|Any CPU
		{427341A8-1EE2-4623-82E2-5CE7513AC72B}.Release|Any CPU.ActiveCfg = Release|Any CPU
		{427341A8-1EE2-4623-82E2-5CE7513AC72B}.Release|Any CPU.Build.0 = Release|Any CPU
		{B9700567-2E19-4BCF-AD21-530186C2106D}.Debug|Any CPU.ActiveCfg = Debug|Any CPU
		{B9700567-2E19-4BCF-AD21-530186C2106D}.Debug|Any CPU.Build.0 = Debug|Any CPU
		{B9700567-2E19-4BCF-AD21-530186C2106D}.Release|Any CPU.ActiveCfg = Release|Any CPU
		{B9700567-2E19-4BCF-AD21-530186C2106D}.Release|Any CPU.Build.0 = Release|Any CPU
	EndGlobalSection
	GlobalSection(SolutionProperties) = preSolution
		HideSolutionNode = FALSE
	EndGlobalSection
	GlobalSection(ExtensibilityGlobals) = postSolution
		SolutionGuid = {D22BE0A4-F3F4-425B-A836-862014D180BA}
	EndGlobalSection
EndGlobal
